
Microsoft Visual Studio Solution File, Format Version 12.00
# Visual Studio Version 17
VisualStudioVersion = 17.7.34221.43
MinimumVisualStudioVersion = 10.0.40219.1
Project("{FAE04EC0-301F-11D3-BF4B-00C04F79EFBC}") = "capaPresentacion", "TestFarmacorp\capaPresentacion.csproj", "{93FB134F-B828-4861-AA44-E8DAFEEEBBB3}"
EndProject
Project("{FAE04EC0-301F-11D3-BF4B-00C04F79EFBC}") = "capaLogicaNegocio", "capaPresentacion\capaLogicaNegocio.csproj", "{FA24710C-9828-4C9F-8BC6-DC5DF920DF2C}"
EndProject
Project("{FAE04EC0-301F-11D3-BF4B-00C04F79EFBC}") = "capaDALC", "capaDALC\capaDALC.csproj", "{422C2A94-88B2-4F2E-8D1B-85D1F77CC35F}"
EndProject
Project("{FAE04EC0-301F-11D3-BF4B-00C04F79EFBC}") = "capaAccesoDeDatos", "capaAccesoDeDatos\capaAccesoDeDatos.csproj", "{55122A67-2C56-47EE-92A3-22BDEE6E2BB5}"
EndProject
Project("{FAE04EC0-301F-11D3-BF4B-00C04F79EFBC}") = "capaDatos", "capaDatos\capaDatos.csproj", "{F219B777-CEAF-4B12-B4E3-9A84227BE349}"
EndProject
Global
	GlobalSection(SolutionConfigurationPlatforms) = preSolution
		Debug|Any CPU = Debug|Any CPU
		Release|Any CPU = Release|Any CPU
	EndGlobalSection
	GlobalSection(ProjectConfigurationPlatforms) = postSolution
		{93FB134F-B828-4861-AA44-E8DAFEEEBBB3}.Debug|Any CPU.ActiveCfg = Debug|Any CPU
		{93FB134F-B828-4861-AA44-E8DAFEEEBBB3}.Debug|Any CPU.Build.0 = Debug|Any CPU
		{93FB134F-B828-4861-AA44-E8DAFEEEBBB3}.Release|Any CPU.ActiveCfg = Release|Any CPU
		{93FB134F-B828-4861-AA44-E8DAFEEEBBB3}.Release|Any CPU.Build.0 = Release|Any CPU
		{FA24710C-9828-4C9F-8BC6-DC5DF920DF2C}.Debug|Any CPU.ActiveCfg = Debug|Any CPU
		{FA24710C-9828-4C9F-8BC6-DC5DF920DF2C}.Debug|Any CPU.Build.0 = Debug|Any CPU
		{FA24710C-9828-4C9F-8BC6-DC5DF920DF2C}.Release|Any CPU.ActiveCfg = Release|Any CPU
		{FA24710C-9828-4C9F-8BC6-DC5DF920DF2C}.Release|Any CPU.Build.0 = Release|Any CPU
		{422C2A94-88B2-4F2E-8D1B-85D1F77CC35F}.Debug|Any CPU.ActiveCfg = Debug|Any CPU
		{422C2A94-88B2-4F2E-8D1B-85D1F77CC35F}.Debug|Any CPU.Build.0 = Debug|Any CPU
		{422C2A94-88B2-4F2E-8D1B-85D1F77CC35F}.Release|Any CPU.ActiveCfg = Release|Any CPU
		{422C2A94-88B2-4F2E-8D1B-85D1F77CC35F}.Release|Any CPU.Build.0 = Release|Any CPU
		{55122A67-2C56-47EE-92A3-22BDEE6E2BB5}.Debug|Any CPU.ActiveCfg = Debug|Any CPU
		{55122A67-2C56-47EE-92A3-22BDEE6E2BB5}.Debug|Any CPU.Build.0 = Debug|Any CPU
		{55122A67-2C56-47EE-92A3-22BDEE6E2BB5}.Release|Any CPU.ActiveCfg = Release|Any CPU
		{55122A67-2C56-47EE-92A3-22BDEE6E2BB5}.Release|Any CPU.Build.0 = Release|Any CPU
		{F219B777-CEAF-4B12-B4E3-9A84227BE349}.Debug|Any CPU.ActiveCfg = Debug|Any CPU
		{F219B777-CEAF-4B12-B4E3-9A84227BE349}.Debug|Any CPU.Build.0 = Debug|Any CPU
		{F219B777-CEAF-4B12-B4E3-9A84227BE349}.Release|Any CPU.ActiveCfg = Release|Any CPU
		{F219B777-CEAF-4B12-B4E3-9A84227BE349}.Release|Any CPU.Build.0 = Release|Any CPU
	EndGlobalSection
	GlobalSection(SolutionProperties) = preSolution
		HideSolutionNode = FALSE
	EndGlobalSection
	GlobalSection(ExtensibilityGlobals) = postSolution
		SolutionGuid = {7DAEE031-927D-47E4-BE1C-3CEEA9A0D23E}
	EndGlobalSection
EndGlobal
